
Microsoft Visual Studio Solution File, Format Version 12.00
# Visual Studio 14
VisualStudioVersion = 14.0.25420.1
MinimumVisualStudioVersion = 10.0.40219.1
Project("{FAE04EC0-301F-11D3-BF4B-00C04F79EFBC}") = "AmaScan.App", "AmaScan.App\AmaScan.App.csproj", "{C904A0F5-F3C8-435F-AD59-43C7E92EE03F}"
EndProject
Project("{FAE04EC0-301F-11D3-BF4B-00C04F79EFBC}") = "UWPCore.Framework", "..\uwpcore.framework\Framework\UWPCore.Framework\UWPCore.Framework.csproj", "{A730354A-B009-4392-8D04-E065347E548A}"
EndProject
Project("{2150E333-8FDC-42A3-9474-1A3956D46DE8}") = "Libs", "Libs", "{A5F0359F-052D-4E74-81A5-35C98B41F4F8}"
EndProject
Project("{FAE04EC0-301F-11D3-BF4B-00C04F79EFBC}") = "ZXing.Net.Mobile.Core", "Libs\ZXing.Net.Mobile.Core\ZXing.Net.Mobile.Core.csproj", "{7528DD0A-1781-47F4-ADBF-EEDDB011F6BB}"
EndProject
Project("{FAE04EC0-301F-11D3-BF4B-00C04F79EFBC}") = "ZXing.Net.Mobile.WindowsUniversal", "Libs\ZXing.Net.Mobile.WindowsUniversal\ZXing.Net.Mobile.WindowsUniversal.csproj", "{1B000BCA-4895-4ACF-A0C6-3ADF3A9BEDF2}"
EndProject
Project("{FAE04EC0-301F-11D3-BF4B-00C04F79EFBC}") = "zxing.portable", "Libs\ZXing.Net\zxing.portable.csproj", "{24B441F2-CBE9-4405-9FD0-72EBCBEA0EC3}"
EndProject
Global
	GlobalSection(SolutionConfigurationPlatforms) = preSolution
		Debug .NET Native|Any CPU = Debug .NET Native|Any CPU
		Debug .NET Native|ARM = Debug .NET Native|ARM
		Debug .NET Native|x64 = Debug .NET Native|x64
		Debug .NET Native|x86 = Debug .NET Native|x86
		Debug|Any CPU = Debug|Any CPU
		Debug|ARM = Debug|ARM
		Debug|x64 = Debug|x64
		Debug|x86 = Debug|x86
		RELEASE (performance)|Any CPU = RELEASE (performance)|Any CPU
		RELEASE (performance)|ARM = RELEASE (performance)|ARM
		RELEASE (performance)|x64 = RELEASE (performance)|x64
		RELEASE (performance)|x86 = RELEASE (performance)|x86
		Release|Any CPU = Release|Any CPU
		Release|ARM = Release|ARM
		Release|x64 = Release|x64
		Release|x86 = Release|x86
	EndGlobalSection
	GlobalSection(ProjectConfigurationPlatforms) = postSolution
		{C904A0F5-F3C8-435F-AD59-43C7E92EE03F}.Debug .NET Native|Any CPU.ActiveCfg = Release|x86
		{C904A0F5-F3C8-435F-AD59-43C7E92EE03F}.Debug .NET Native|Any CPU.Build.0 = Release|x86
		{C904A0F5-F3C8-435F-AD59-43C7E92EE03F}.Debug .NET Native|Any CPU.Deploy.0 = Release|x86
		{C904A0F5-F3C8-435F-AD59-43C7E92EE03F}.Debug .NET Native|ARM.ActiveCfg = Debug|ARM
		{C904A0F5-F3C8-435F-AD59-43C7E92EE03F}.Debug .NET Native|ARM.Build.0 = Debug|ARM
		{C904A0F5-F3C8-435F-AD59-43C7E92EE03F}.Debug .NET Native|ARM.Deploy.0 = Debug|ARM
		{C904A0F5-F3C8-435F-AD59-43C7E92EE03F}.Debug .NET Native|x64.ActiveCfg = Debug|x64
		{C904A0F5-F3C8-435F-AD59-43C7E92EE03F}.Debug .NET Native|x64.Build.0 = Debug|x64
		{C904A0F5-F3C8-435F-AD59-43C7E92EE03F}.Debug .NET Native|x64.Deploy.0 = Debug|x64
		{C904A0F5-F3C8-435F-AD59-43C7E92EE03F}.Debug .NET Native|x86.ActiveCfg = Debug|x86
		{C904A0F5-F3C8-435F-AD59-43C7E92EE03F}.Debug .NET Native|x86.Build.0 = Debug|x86
		{C904A0F5-F3C8-435F-AD59-43C7E92EE03F}.Debug .NET Native|x86.Deploy.0 = Debug|x86
		{C904A0F5-F3C8-435F-AD59-43C7E92EE03F}.Debug|Any CPU.ActiveCfg = Debug|x86
		{C904A0F5-F3C8-435F-AD59-43C7E92EE03F}.Debug|ARM.ActiveCfg = Debug|ARM
		{C904A0F5-F3C8-435F-AD59-43C7E92EE03F}.Debug|ARM.Build.0 = Debug|ARM
		{C904A0F5-F3C8-435F-AD59-43C7E92EE03F}.Debug|ARM.Deploy.0 = Debug|ARM
		{C904A0F5-F3C8-435F-AD59-43C7E92EE03F}.Debug|x64.ActiveCfg = Debug|x64
		{C904A0F5-F3C8-435F-AD59-43C7E92EE03F}.Debug|x64.Build.0 = Debug|x64
		{C904A0F5-F3C8-435F-AD59-43C7E92EE03F}.Debug|x64.Deploy.0 = Debug|x64
		{C904A0F5-F3C8-435F-AD59-43C7E92EE03F}.Debug|x86.ActiveCfg = Debug|x86
		{C904A0F5-F3C8-435F-AD59-43C7E92EE03F}.Debug|x86.Build.0 = Debug|x86
		{C904A0F5-F3C8-435F-AD59-43C7E92EE03F}.Debug|x86.Deploy.0 = Debug|x86
		{C904A0F5-F3C8-435F-AD59-43C7E92EE03F}.RELEASE (performance)|Any CPU.ActiveCfg = Release|x86
		{C904A0F5-F3C8-435F-AD59-43C7E92EE03F}.RELEASE (performance)|Any CPU.Build.0 = Release|x86
		{C904A0F5-F3C8-435F-AD59-43C7E92EE03F}.RELEASE (performance)|Any CPU.Deploy.0 = Release|x86
		{C904A0F5-F3C8-435F-AD59-43C7E92EE03F}.RELEASE (performance)|ARM.ActiveCfg = Release|ARM
		{C904A0F5-F3C8-435F-AD59-43C7E92EE03F}.RELEASE (performance)|ARM.Build.0 = Release|ARM
		{C904A0F5-F3C8-435F-AD59-43C7E92EE03F}.RELEASE (performance)|ARM.Deploy.0 = Release|ARM
		{C904A0F5-F3C8-435F-AD59-43C7E92EE03F}.RELEASE (performance)|x64.ActiveCfg = Release|x64
		{C904A0F5-F3C8-435F-AD59-43C7E92EE03F}.RELEASE (performance)|x64.Build.0 = Release|x64
		{C904A0F5-F3C8-435F-AD59-43C7E92EE03F}.RELEASE (performance)|x64.Deploy.0 = Release|x64
		{C904A0F5-F3C8-435F-AD59-43C7E92EE03F}.RELEASE (performance)|x86.ActiveCfg = Release|x86
		{C904A0F5-F3C8-435F-AD59-43C7E92EE03F}.RELEASE (performance)|x86.Build.0 = Release|x86
		{C904A0F5-F3C8-435F-AD59-43C7E92EE03F}.RELEASE (performance)|x86.Deploy.0 = Release|x86
		{C904A0F5-F3C8-435F-AD59-43C7E92EE03F}.Release|Any CPU.ActiveCfg = Release|x86
		{C904A0F5-F3C8-435F-AD59-43C7E92EE03F}.Release|ARM.ActiveCfg = Release|ARM
		{C904A0F5-F3C8-435F-AD59-43C7E92EE03F}.Release|ARM.Build.0 = Release|ARM
		{C904A0F5-F3C8-435F-AD59-43C7E92EE03F}.Release|ARM.Deploy.0 = Release|ARM
		{C904A0F5-F3C8-435F-AD59-43C7E92EE03F}.Release|x64.ActiveCfg = Release|x64
		{C904A0F5-F3C8-435F-AD59-43C7E92EE03F}.Release|x64.Build.0 = Release|x64
		{C904A0F5-F3C8-435F-AD59-43C7E92EE03F}.Release|x64.Deploy.0 = Release|x64
		{C904A0F5-F3C8-435F-AD59-43C7E92EE03F}.Release|x86.ActiveCfg = Release|x86
		{C904A0F5-F3C8-435F-AD59-43C7E92EE03F}.Release|x86.Build.0 = Release|x86
		{C904A0F5-F3C8-435F-AD59-43C7E92EE03F}.Release|x86.Deploy.0 = Release|x86
		{A730354A-B009-4392-8D04-E065347E548A}.Debug .NET Native|Any CPU.ActiveCfg = Debug .NET Native|Any CPU
		{A730354A-B009-4392-8D04-E065347E548A}.Debug .NET Native|Any CPU.Build.0 = Debug .NET Native|Any CPU
		{A730354A-B009-4392-8D04-E065347E548A}.Debug .NET Native|ARM.ActiveCfg = Debug .NET Native|ARM
		{A730354A-B009-4392-8D04-E065347E548A}.Debug .NET Native|ARM.Build.0 = Debug .NET Native|ARM
		{A730354A-B009-4392-8D04-E065347E548A}.Debug .NET Native|x64.ActiveCfg = Debug .NET Native|x64
		{A730354A-B009-4392-8D04-E065347E548A}.Debug .NET Native|x64.Build.0 = Debug .NET Native|x64
		{A730354A-B009-4392-8D04-E065347E548A}.Debug .NET Native|x86.ActiveCfg = Debug .NET Native|x86
		{A730354A-B009-4392-8D04-E065347E548A}.Debug .NET Native|x86.Build.0 = Debug .NET Native|x86
		{A730354A-B009-4392-8D04-E065347E548A}.Debug|Any CPU.ActiveCfg = Debug|Any CPU
		{A730354A-B009-4392-8D04-E065347E548A}.Debug|Any CPU.Build.0 = Debug|Any CPU
		{A730354A-B009-4392-8D04-E065347E548A}.Debug|ARM.ActiveCfg = Debug|ARM
		{A730354A-B009-4392-8D04-E065347E548A}.Debug|ARM.Build.0 = Debug|ARM
		{A730354A-B009-4392-8D04-E065347E548A}.Debug|x64.ActiveCfg = Debug|x64
		{A730354A-B009-4392-8D04-E065347E548A}.Debug|x64.Build.0 = Debug|x64
		{A730354A-B009-4392-8D04-E065347E548A}.Debug|x86.ActiveCfg = Debug|x86
		{A730354A-B009-4392-8D04-E065347E548A}.Debug|x86.Build.0 = Debug|x86
		{A730354A-B009-4392-8D04-E065347E548A}.RELEASE (performance)|Any CPU.ActiveCfg = RELEASE (performance)|Any CPU
		{A730354A-B009-4392-8D04-E065347E548A}.RELEASE (performance)|Any CPU.Build.0 = RELEASE (performance)|Any CPU
		{A730354A-B009-4392-8D04-E065347E548A}.RELEASE (performance)|ARM.ActiveCfg = RELEASE (performance)|ARM
		{A730354A-B009-4392-8D04-E065347E548A}.RELEASE (performance)|ARM.Build.0 = RELEASE (performance)|ARM
		{A730354A-B009-4392-8D04-E065347E548A}.RELEASE (performance)|x64.ActiveCfg = RELEASE (performance)|x64
		{A730354A-B009-4392-8D04-E065347E548A}.RELEASE (performance)|x64.Build.0 = RELEASE (performance)|x64
		{A730354A-B009-4392-8D04-E065347E548A}.RELEASE (performance)|x86.ActiveCfg = RELEASE (performance)|x86
		{A730354A-B009-4392-8D04-E065347E548A}.RELEASE (performance)|x86.Build.0 = RELEASE (performance)|x86
		{A730354A-B009-4392-8D04-E065347E548A}.Release|Any CPU.ActiveCfg = Release|Any CPU
		{A730354A-B009-4392-8D04-E065347E548A}.Release|Any CPU.Build.0 = Release|Any CPU
		{A730354A-B009-4392-8D04-E065347E548A}.Release|ARM.ActiveCfg = Release|ARM
		{A730354A-B009-4392-8D04-E065347E548A}.Release|ARM.Build.0 = Release|ARM
		{A730354A-B009-4392-8D04-E065347E548A}.Release|x64.ActiveCfg = Release|x64
		{A730354A-B009-4392-8D04-E065347E548A}.Release|x64.Build.0 = Release|x64
		{A730354A-B009-4392-8D04-E065347E548A}.Release|x86.ActiveCfg = Release|x86
		{A730354A-B009-4392-8D04-E065347E548A}.Release|x86.Build.0 = Release|x86
		{7528DD0A-1781-47F4-ADBF-EEDDB011F6BB}.Debug .NET Native|Any CPU.ActiveCfg = Debug .NET Native|Any CPU
		{7528DD0A-1781-47F4-ADBF-EEDDB011F6BB}.Debug .NET Native|Any CPU.Build.0 = Debug .NET Native|Any CPU
		{7528DD0A-1781-47F4-ADBF-EEDDB011F6BB}.Debug .NET Native|ARM.ActiveCfg = Debug .NET Native|Any CPU
		{7528DD0A-1781-47F4-ADBF-EEDDB011F6BB}.Debug .NET Native|ARM.Build.0 = Debug .NET Native|Any CPU
		{7528DD0A-1781-47F4-ADBF-EEDDB011F6BB}.Debug .NET Native|x64.ActiveCfg = Debug .NET Native|Any CPU
		{7528DD0A-1781-47F4-ADBF-EEDDB011F6BB}.Debug .NET Native|x64.Build.0 = Debug .NET Native|Any CPU
		{7528DD0A-1781-47F4-ADBF-EEDDB011F6BB}.Debug .NET Native|x86.ActiveCfg = Debug .NET Native|Any CPU
		{7528DD0A-1781-47F4-ADBF-EEDDB011F6BB}.Debug .NET Native|x86.Build.0 = Debug .NET Native|Any CPU
		{7528DD0A-1781-47F4-ADBF-EEDDB011F6BB}.Debug|Any CPU.ActiveCfg = Debug|Any CPU
		{7528DD0A-1781-47F4-ADBF-EEDDB011F6BB}.Debug|Any CPU.Build.0 = Debug|Any CPU
		{7528DD0A-1781-47F4-ADBF-EEDDB011F6BB}.Debug|ARM.ActiveCfg = Debug|Any CPU
		{7528DD0A-1781-47F4-ADBF-EEDDB011F6BB}.Debug|ARM.Build.0 = Debug|Any CPU
		{7528DD0A-1781-47F4-ADBF-EEDDB011F6BB}.Debug|x64.ActiveCfg = Debug|Any CPU
		{7528DD0A-1781-47F4-ADBF-EEDDB011F6BB}.Debug|x64.Build.0 = Debug|Any CPU
		{7528DD0A-1781-47F4-ADBF-EEDDB011F6BB}.Debug|x86.ActiveCfg = Debug|Any CPU
		{7528DD0A-1781-47F4-ADBF-EEDDB011F6BB}.Debug|x86.Build.0 = Debug|Any CPU
		{7528DD0A-1781-47F4-ADBF-EEDDB011F6BB}.RELEASE (performance)|Any CPU.ActiveCfg = RELEASE (performance)|Any CPU
		{7528DD0A-1781-47F4-ADBF-EEDDB011F6BB}.RELEASE (performance)|Any CPU.Build.0 = RELEASE (performance)|Any CPU
		{7528DD0A-1781-47F4-ADBF-EEDDB011F6BB}.RELEASE (performance)|ARM.ActiveCfg = RELEASE (performance)|Any CPU
		{7528DD0A-1781-47F4-ADBF-EEDDB011F6BB}.RELEASE (performance)|ARM.Build.0 = RELEASE (performance)|Any CPU
		{7528DD0A-1781-47F4-ADBF-EEDDB011F6BB}.RELEASE (performance)|x64.ActiveCfg = RELEASE (performance)|Any CPU
		{7528DD0A-1781-47F4-ADBF-EEDDB011F6BB}.RELEASE (performance)|x64.Build.0 = RELEASE (performance)|Any CPU
		{7528DD0A-1781-47F4-ADBF-EEDDB011F6BB}.RELEASE (performance)|x86.ActiveCfg = RELEASE (performance)|Any CPU
		{7528DD0A-1781-47F4-ADBF-EEDDB011F6BB}.RELEASE (performance)|x86.Build.0 = RELEASE (performance)|Any CPU
		{7528DD0A-1781-47F4-ADBF-EEDDB011F6BB}.Release|Any CPU.ActiveCfg = Release|Any CPU
		{7528DD0A-1781-47F4-ADBF-EEDDB011F6BB}.Release|Any CPU.Build.0 = Release|Any CPU
		{7528DD0A-1781-47F4-ADBF-EEDDB011F6BB}.Release|ARM.ActiveCfg = Release|Any CPU
		{7528DD0A-1781-47F4-ADBF-EEDDB011F6BB}.Release|ARM.Build.0 = Release|Any CPU
		{7528DD0A-1781-47F4-ADBF-EEDDB011F6BB}.Release|x64.ActiveCfg = Release|Any CPU
		{7528DD0A-1781-47F4-ADBF-EEDDB011F6BB}.Release|x64.Build.0 = Release|Any CPU
		{7528DD0A-1781-47F4-ADBF-EEDDB011F6BB}.Release|x86.ActiveCfg = Release|Any CPU
		{7528DD0A-1781-47F4-ADBF-EEDDB011F6BB}.Release|x86.Build.0 = Release|Any CPU
		{1B000BCA-4895-4ACF-A0C6-3ADF3A9BEDF2}.Debug .NET Native|Any CPU.ActiveCfg = Debug .NET Native|Any CPU
		{1B000BCA-4895-4ACF-A0C6-3ADF3A9BEDF2}.Debug .NET Native|Any CPU.Build.0 = Debug .NET Native|Any CPU
		{1B000BCA-4895-4ACF-A0C6-3ADF3A9BEDF2}.Debug .NET Native|ARM.ActiveCfg = Debug .NET Native|ARM
		{1B000BCA-4895-4ACF-A0C6-3ADF3A9BEDF2}.Debug .NET Native|ARM.Build.0 = Debug .NET Native|ARM
		{1B000BCA-4895-4ACF-A0C6-3ADF3A9BEDF2}.Debug .NET Native|x64.ActiveCfg = Debug .NET Native|x64
		{1B000BCA-4895-4ACF-A0C6-3ADF3A9BEDF2}.Debug .NET Native|x64.Build.0 = Debug .NET Native|x64
		{1B000BCA-4895-4ACF-A0C6-3ADF3A9BEDF2}.Debug .NET Native|x86.ActiveCfg = Debug .NET Native|x86
		{1B000BCA-4895-4ACF-A0C6-3ADF3A9BEDF2}.Debug .NET Native|x86.Build.0 = Debug .NET Native|x86
		{1B000BCA-4895-4ACF-A0C6-3ADF3A9BEDF2}.Debug|Any CPU.ActiveCfg = Debug|Any CPU
		{1B000BCA-4895-4ACF-A0C6-3ADF3A9BEDF2}.Debug|Any CPU.Build.0 = Debug|Any CPU
		{1B000BCA-4895-4ACF-A0C6-3ADF3A9BEDF2}.Debug|ARM.ActiveCfg = Debug|ARM
		{1B000BCA-4895-4ACF-A0C6-3ADF3A9BEDF2}.Debug|ARM.Build.0 = Debug|ARM
		{1B000BCA-4895-4ACF-A0C6-3ADF3A9BEDF2}.Debug|x64.ActiveCfg = Debug|x64
		{1B000BCA-4895-4ACF-A0C6-3ADF3A9BEDF2}.Debug|x64.Build.0 = Debug|x64
		{1B000BCA-4895-4ACF-A0C6-3ADF3A9BEDF2}.Debug|x86.ActiveCfg = Debug|x86
		{1B000BCA-4895-4ACF-A0C6-3ADF3A9BEDF2}.Debug|x86.Build.0 = Debug|x86
		{1B000BCA-4895-4ACF-A0C6-3ADF3A9BEDF2}.RELEASE (performance)|Any CPU.ActiveCfg = RELEASE (performance)|Any CPU
		{1B000BCA-4895-4ACF-A0C6-3ADF3A9BEDF2}.RELEASE (performance)|Any CPU.Build.0 = RELEASE (performance)|Any CPU
		{1B000BCA-4895-4ACF-A0C6-3ADF3A9BEDF2}.RELEASE (performance)|ARM.ActiveCfg = RELEASE (performance)|ARM
		{1B000BCA-4895-4ACF-A0C6-3ADF3A9BEDF2}.RELEASE (performance)|ARM.Build.0 = RELEASE (performance)|ARM
		{1B000BCA-4895-4ACF-A0C6-3ADF3A9BEDF2}.RELEASE (performance)|x64.ActiveCfg = RELEASE (performance)|x64
		{1B000BCA-4895-4ACF-A0C6-3ADF3A9BEDF2}.RELEASE (performance)|x64.Build.0 = RELEASE (performance)|x64
		{1B000BCA-4895-4ACF-A0C6-3ADF3A9BEDF2}.RELEASE (performance)|x86.ActiveCfg = RELEASE (performance)|x86
		{1B000BCA-4895-4ACF-A0C6-3ADF3A9BEDF2}.RELEASE (performance)|x86.Build.0 = RELEASE (performance)|x86
		{1B000BCA-4895-4ACF-A0C6-3ADF3A9BEDF2}.Release|Any CPU.ActiveCfg = Release|Any CPU
		{1B000BCA-4895-4ACF-A0C6-3ADF3A9BEDF2}.Release|Any CPU.Build.0 = Release|Any CPU
		{1B000BCA-4895-4ACF-A0C6-3ADF3A9BEDF2}.Release|ARM.ActiveCfg = Release|ARM
		{1B000BCA-4895-4ACF-A0C6-3ADF3A9BEDF2}.Release|ARM.Build.0 = Release|ARM
		{1B000BCA-4895-4ACF-A0C6-3ADF3A9BEDF2}.Release|x64.ActiveCfg = Release|x64
		{1B000BCA-4895-4ACF-A0C6-3ADF3A9BEDF2}.Release|x64.Build.0 = Release|x64
		{1B000BCA-4895-4ACF-A0C6-3ADF3A9BEDF2}.Release|x86.ActiveCfg = Release|x86
		{1B000BCA-4895-4ACF-A0C6-3ADF3A9BEDF2}.Release|x86.Build.0 = Release|x86
		{24B441F2-CBE9-4405-9FD0-72EBCBEA0EC3}.Debug .NET Native|Any CPU.ActiveCfg = Debug .NET Native|Any CPU
		{24B441F2-CBE9-4405-9FD0-72EBCBEA0EC3}.Debug .NET Native|Any CPU.Build.0 = Debug .NET Native|Any CPU
		{24B441F2-CBE9-4405-9FD0-72EBCBEA0EC3}.Debug .NET Native|ARM.ActiveCfg = Debug .NET Native|Any CPU
		{24B441F2-CBE9-4405-9FD0-72EBCBEA0EC3}.Debug .NET Native|ARM.Build.0 = Debug .NET Native|Any CPU
		{24B441F2-CBE9-4405-9FD0-72EBCBEA0EC3}.Debug .NET Native|x64.ActiveCfg = Debug .NET Native|Any CPU
		{24B441F2-CBE9-4405-9FD0-72EBCBEA0EC3}.Debug .NET Native|x64.Build.0 = Debug .NET Native|Any CPU
		{24B441F2-CBE9-4405-9FD0-72EBCBEA0EC3}.Debug .NET Native|x86.ActiveCfg = Debug .NET Native|Any CPU
		{24B441F2-CBE9-4405-9FD0-72EBCBEA0EC3}.Debug .NET Native|x86.Build.0 = Debug .NET Native|Any CPU
		{24B441F2-CBE9-4405-9FD0-72EBCBEA0EC3}.Debug|Any CPU.ActiveCfg = Debug|Any CPU
		{24B441F2-CBE9-4405-9FD0-72EBCBEA0EC3}.Debug|Any CPU.Build.0 = Debug|Any CPU
		{24B441F2-CBE9-4405-9FD0-72EBCBEA0EC3}.Debug|ARM.ActiveCfg = Debug|Any CPU
		{24B441F2-CBE9-4405-9FD0-72EBCBEA0EC3}.Debug|ARM.Build.0 = Debug|Any CPU
		{24B441F2-CBE9-4405-9FD0-72EBCBEA0EC3}.Debug|x64.ActiveCfg = Debug|Any CPU
		{24B441F2-CBE9-4405-9FD0-72EBCBEA0EC3}.Debug|x64.Build.0 = Debug|Any CPU
		{24B441F2-CBE9-4405-9FD0-72EBCBEA0EC3}.Debug|x86.ActiveCfg = Debug|Any CPU
		{24B441F2-CBE9-4405-9FD0-72EBCBEA0EC3}.Debug|x86.Build.0 = Debug|Any CPU
		{24B441F2-CBE9-4405-9FD0-72EBCBEA0EC3}.RELEASE (performance)|Any CPU.ActiveCfg = RELEASE (performance)|Any CPU
		{24B441F2-CBE9-4405-9FD0-72EBCBEA0EC3}.RELEASE (performance)|Any CPU.Build.0 = RELEASE (performance)|Any CPU
		{24B441F2-CBE9-4405-9FD0-72EBCBEA0EC3}.RELEASE (performance)|ARM.ActiveCfg = RELEASE (performance)|Any CPU
		{24B441F2-CBE9-4405-9FD0-72EBCBEA0EC3}.RELEASE (performance)|ARM.Build.0 = RELEASE (performance)|Any CPU
		{24B441F2-CBE9-4405-9FD0-72EBCBEA0EC3}.RELEASE (performance)|x64.ActiveCfg = RELEASE (performance)|Any CPU
		{24B441F2-CBE9-4405-9FD0-72EBCBEA0EC3}.RELEASE (performance)|x64.Build.0 = RELEASE (performance)|Any CPU
		{24B441F2-CBE9-4405-9FD0-72EBCBEA0EC3}.RELEASE (performance)|x86.ActiveCfg = RELEASE (performance)|Any CPU
		{24B441F2-CBE9-4405-9FD0-72EBCBEA0EC3}.RELEASE (performance)|x86.Build.0 = RELEASE (performance)|Any CPU
		{24B441F2-CBE9-4405-9FD0-72EBCBEA0EC3}.Release|Any CPU.ActiveCfg = Release|Any CPU
		{24B441F2-CBE9-4405-9FD0-72EBCBEA0EC3}.Release|Any CPU.Build.0 = Release|Any CPU
		{24B441F2-CBE9-4405-9FD0-72EBCBEA0EC3}.Release|ARM.ActiveCfg = Release|Any CPU
		{24B441F2-CBE9-4405-9FD0-72EBCBEA0EC3}.Release|ARM.Build.0 = Release|Any CPU
		{24B441F2-CBE9-4405-9FD0-72EBCBEA0EC3}.Release|x64.ActiveCfg = Release|Any CPU
		{24B441F2-CBE9-4405-9FD0-72EBCBEA0EC3}.Release|x64.Build.0 = Release|Any CPU
		{24B441F2-CBE9-4405-9FD0-72EBCBEA0EC3}.Release|x86.ActiveCfg = Release|Any CPU
		{24B441F2-CBE9-4405-9FD0-72EBCBEA0EC3}.Release|x86.Build.0 = Release|Any CPU
	EndGlobalSection
	GlobalSection(SolutionProperties) = preSolution
		HideSolutionNode = FALSE
	EndGlobalSection
	GlobalSection(NestedProjects) = preSolution
		{7528DD0A-1781-47F4-ADBF-EEDDB011F6BB} = {A5F0359F-052D-4E74-81A5-35C98B41F4F8}
		{1B000BCA-4895-4ACF-A0C6-3ADF3A9BEDF2} = {A5F0359F-052D-4E74-81A5-35C98B41F4F8}
		{24B441F2-CBE9-4405-9FD0-72EBCBEA0EC3} = {A5F0359F-052D-4E74-81A5-35C98B41F4F8}
	EndGlobalSection
EndGlobal
