
Microsoft Visual Studio Solution File, Format Version 12.00
# Visual Studio 14
VisualStudioVersion = 14.0.25420.1
MinimumVisualStudioVersion = 10.0.40219.1
Project("{FAE04EC0-301F-11D3-BF4B-00C04F79EFBC}") = "AmaScan.App", "AmaScan.App\AmaScan.App.csproj", "{C904A0F5-F3C8-435F-AD59-43C7E92EE03F}"
EndProject
Project("{FAE04EC0-301F-11D3-BF4B-00C04F79EFBC}") = "UWPCore.Framework", "..\uwpcore.framework\Framework\UWPCore.Framework\UWPCore.Framework.csproj", "{A730354A-B009-4392-8D04-E065347E548A}"
EndProject
Project("{FAE04EC0-301F-11D3-BF4B-00C04F79EFBC}") = "AmaScan.Common", "AmaScan.Common\AmaScan.Common.csproj", "{7F27CE14-E5E1-4141-A3CB-71725C4EF72C}"
EndProject
Project("{FAE04EC0-301F-11D3-BF4B-00C04F79EFBC}") = "AmaScan.UnitTests", "AmaScan.UnitTests\AmaScan.UnitTests.csproj", "{0DA44034-E869-429B-8F06-1372AA9F23FA}"
EndProject
Global
	GlobalSection(SolutionConfigurationPlatforms) = preSolution
		Debug .NET Native|Any CPU = Debug .NET Native|Any CPU
		Debug .NET Native|ARM = Debug .NET Native|ARM
		Debug .NET Native|x64 = Debug .NET Native|x64
		Debug .NET Native|x86 = Debug .NET Native|x86
		Debug|Any CPU = Debug|Any CPU
		Debug|ARM = Debug|ARM
		Debug|x64 = Debug|x64
		Debug|x86 = Debug|x86
		RELEASE (performance)|Any CPU = RELEASE (performance)|Any CPU
		RELEASE (performance)|ARM = RELEASE (performance)|ARM
		RELEASE (performance)|x64 = RELEASE (performance)|x64
		RELEASE (performance)|x86 = RELEASE (performance)|x86
		Release|Any CPU = Release|Any CPU
		Release|ARM = Release|ARM
		Release|x64 = Release|x64
		Release|x86 = Release|x86
	EndGlobalSection
	GlobalSection(ProjectConfigurationPlatforms) = postSolution
		{C904A0F5-F3C8-435F-AD59-43C7E92EE03F}.Debug .NET Native|Any CPU.ActiveCfg = Release|x86
		{C904A0F5-F3C8-435F-AD59-43C7E92EE03F}.Debug .NET Native|Any CPU.Build.0 = Release|x86
		{C904A0F5-F3C8-435F-AD59-43C7E92EE03F}.Debug .NET Native|Any CPU.Deploy.0 = Release|x86
		{C904A0F5-F3C8-435F-AD59-43C7E92EE03F}.Debug .NET Native|ARM.ActiveCfg = Debug|ARM
		{C904A0F5-F3C8-435F-AD59-43C7E92EE03F}.Debug .NET Native|ARM.Build.0 = Debug|ARM
		{C904A0F5-F3C8-435F-AD59-43C7E92EE03F}.Debug .NET Native|ARM.Deploy.0 = Debug|ARM
		{C904A0F5-F3C8-435F-AD59-43C7E92EE03F}.Debug .NET Native|x64.ActiveCfg = Debug|x64
		{C904A0F5-F3C8-435F-AD59-43C7E92EE03F}.Debug .NET Native|x64.Build.0 = Debug|x64
		{C904A0F5-F3C8-435F-AD59-43C7E92EE03F}.Debug .NET Native|x64.Deploy.0 = Debug|x64
		{C904A0F5-F3C8-435F-AD59-43C7E92EE03F}.Debug .NET Native|x86.ActiveCfg = Debug|x86
		{C904A0F5-F3C8-435F-AD59-43C7E92EE03F}.Debug .NET Native|x86.Build.0 = Debug|x86
		{C904A0F5-F3C8-435F-AD59-43C7E92EE03F}.Debug .NET Native|x86.Deploy.0 = Debug|x86
		{C904A0F5-F3C8-435F-AD59-43C7E92EE03F}.Debug|Any CPU.ActiveCfg = Debug|x86
		{C904A0F5-F3C8-435F-AD59-43C7E92EE03F}.Debug|ARM.ActiveCfg = Debug|ARM
		{C904A0F5-F3C8-435F-AD59-43C7E92EE03F}.Debug|ARM.Build.0 = Debug|ARM
		{C904A0F5-F3C8-435F-AD59-43C7E92EE03F}.Debug|ARM.Deploy.0 = Debug|ARM
		{C904A0F5-F3C8-435F-AD59-43C7E92EE03F}.Debug|x64.ActiveCfg = Debug|x64
		{C904A0F5-F3C8-435F-AD59-43C7E92EE03F}.Debug|x64.Build.0 = Debug|x64
		{C904A0F5-F3C8-435F-AD59-43C7E92EE03F}.Debug|x64.Deploy.0 = Debug|x64
		{C904A0F5-F3C8-435F-AD59-43C7E92EE03F}.Debug|x86.ActiveCfg = Debug|x86
		{C904A0F5-F3C8-435F-AD59-43C7E92EE03F}.Debug|x86.Build.0 = Debug|x86
		{C904A0F5-F3C8-435F-AD59-43C7E92EE03F}.Debug|x86.Deploy.0 = Debug|x86
		{C904A0F5-F3C8-435F-AD59-43C7E92EE03F}.RELEASE (performance)|Any CPU.ActiveCfg = Release|x86
		{C904A0F5-F3C8-435F-AD59-43C7E92EE03F}.RELEASE (performance)|Any CPU.Build.0 = Release|x86
		{C904A0F5-F3C8-435F-AD59-43C7E92EE03F}.RELEASE (performance)|Any CPU.Deploy.0 = Release|x86
		{C904A0F5-F3C8-435F-AD59-43C7E92EE03F}.RELEASE (performance)|ARM.ActiveCfg = Release|ARM
		{C904A0F5-F3C8-435F-AD59-43C7E92EE03F}.RELEASE (performance)|ARM.Build.0 = Release|ARM
		{C904A0F5-F3C8-435F-AD59-43C7E92EE03F}.RELEASE (performance)|ARM.Deploy.0 = Release|ARM
		{C904A0F5-F3C8-435F-AD59-43C7E92EE03F}.RELEASE (performance)|x64.ActiveCfg = Release|x64
		{C904A0F5-F3C8-435F-AD59-43C7E92EE03F}.RELEASE (performance)|x64.Build.0 = Release|x64
		{C904A0F5-F3C8-435F-AD59-43C7E92EE03F}.RELEASE (performance)|x64.Deploy.0 = Release|x64
		{C904A0F5-F3C8-435F-AD59-43C7E92EE03F}.RELEASE (performance)|x86.ActiveCfg = Release|x86
		{C904A0F5-F3C8-435F-AD59-43C7E92EE03F}.RELEASE (performance)|x86.Build.0 = Release|x86
		{C904A0F5-F3C8-435F-AD59-43C7E92EE03F}.RELEASE (performance)|x86.Deploy.0 = Release|x86
		{C904A0F5-F3C8-435F-AD59-43C7E92EE03F}.Release|Any CPU.ActiveCfg = Release|x86
		{C904A0F5-F3C8-435F-AD59-43C7E92EE03F}.Release|ARM.ActiveCfg = Release|ARM
		{C904A0F5-F3C8-435F-AD59-43C7E92EE03F}.Release|ARM.Build.0 = Release|ARM
		{C904A0F5-F3C8-435F-AD59-43C7E92EE03F}.Release|ARM.Deploy.0 = Release|ARM
		{C904A0F5-F3C8-435F-AD59-43C7E92EE03F}.Release|x64.ActiveCfg = Release|x64
		{C904A0F5-F3C8-435F-AD59-43C7E92EE03F}.Release|x64.Build.0 = Release|x64
		{C904A0F5-F3C8-435F-AD59-43C7E92EE03F}.Release|x64.Deploy.0 = Release|x64
		{C904A0F5-F3C8-435F-AD59-43C7E92EE03F}.Release|x86.ActiveCfg = Release|x86
		{C904A0F5-F3C8-435F-AD59-43C7E92EE03F}.Release|x86.Build.0 = Release|x86
		{C904A0F5-F3C8-435F-AD59-43C7E92EE03F}.Release|x86.Deploy.0 = Release|x86
		{A730354A-B009-4392-8D04-E065347E548A}.Debug .NET Native|Any CPU.ActiveCfg = Debug .NET Native|Any CPU
		{A730354A-B009-4392-8D04-E065347E548A}.Debug .NET Native|Any CPU.Build.0 = Debug .NET Native|Any CPU
		{A730354A-B009-4392-8D04-E065347E548A}.Debug .NET Native|ARM.ActiveCfg = Debug .NET Native|ARM
		{A730354A-B009-4392-8D04-E065347E548A}.Debug .NET Native|ARM.Build.0 = Debug .NET Native|ARM
		{A730354A-B009-4392-8D04-E065347E548A}.Debug .NET Native|x64.ActiveCfg = Debug .NET Native|x64
		{A730354A-B009-4392-8D04-E065347E548A}.Debug .NET Native|x64.Build.0 = Debug .NET Native|x64
		{A730354A-B009-4392-8D04-E065347E548A}.Debug .NET Native|x86.ActiveCfg = Debug .NET Native|x86
		{A730354A-B009-4392-8D04-E065347E548A}.Debug .NET Native|x86.Build.0 = Debug .NET Native|x86
		{A730354A-B009-4392-8D04-E065347E548A}.Debug|Any CPU.ActiveCfg = Debug|Any CPU
		{A730354A-B009-4392-8D04-E065347E548A}.Debug|Any CPU.Build.0 = Debug|Any CPU
		{A730354A-B009-4392-8D04-E065347E548A}.Debug|ARM.ActiveCfg = Debug|ARM
		{A730354A-B009-4392-8D04-E065347E548A}.Debug|ARM.Build.0 = Debug|ARM
		{A730354A-B009-4392-8D04-E065347E548A}.Debug|x64.ActiveCfg = Debug|x64
		{A730354A-B009-4392-8D04-E065347E548A}.Debug|x64.Build.0 = Debug|x64
		{A730354A-B009-4392-8D04-E065347E548A}.Debug|x86.ActiveCfg = Debug|x86
		{A730354A-B009-4392-8D04-E065347E548A}.Debug|x86.Build.0 = Debug|x86
		{A730354A-B009-4392-8D04-E065347E548A}.RELEASE (performance)|Any CPU.ActiveCfg = RELEASE (performance)|Any CPU
		{A730354A-B009-4392-8D04-E065347E548A}.RELEASE (performance)|Any CPU.Build.0 = RELEASE (performance)|Any CPU
		{A730354A-B009-4392-8D04-E065347E548A}.RELEASE (performance)|ARM.ActiveCfg = RELEASE (performance)|ARM
		{A730354A-B009-4392-8D04-E065347E548A}.RELEASE (performance)|ARM.Build.0 = RELEASE (performance)|ARM
		{A730354A-B009-4392-8D04-E065347E548A}.RELEASE (performance)|x64.ActiveCfg = RELEASE (performance)|x64
		{A730354A-B009-4392-8D04-E065347E548A}.RELEASE (performance)|x64.Build.0 = RELEASE (performance)|x64
		{A730354A-B009-4392-8D04-E065347E548A}.RELEASE (performance)|x86.ActiveCfg = RELEASE (performance)|x86
		{A730354A-B009-4392-8D04-E065347E548A}.RELEASE (performance)|x86.Build.0 = RELEASE (performance)|x86
		{A730354A-B009-4392-8D04-E065347E548A}.Release|Any CPU.ActiveCfg = Release|Any CPU
		{A730354A-B009-4392-8D04-E065347E548A}.Release|Any CPU.Build.0 = Release|Any CPU
		{A730354A-B009-4392-8D04-E065347E548A}.Release|ARM.ActiveCfg = Release|ARM
		{A730354A-B009-4392-8D04-E065347E548A}.Release|ARM.Build.0 = Release|ARM
		{A730354A-B009-4392-8D04-E065347E548A}.Release|x64.ActiveCfg = Release|x64
		{A730354A-B009-4392-8D04-E065347E548A}.Release|x64.Build.0 = Release|x64
		{A730354A-B009-4392-8D04-E065347E548A}.Release|x86.ActiveCfg = Release|x86
		{A730354A-B009-4392-8D04-E065347E548A}.Release|x86.Build.0 = Release|x86
		{7F27CE14-E5E1-4141-A3CB-71725C4EF72C}.Debug .NET Native|Any CPU.ActiveCfg = Debug|Any CPU
		{7F27CE14-E5E1-4141-A3CB-71725C4EF72C}.Debug .NET Native|Any CPU.Build.0 = Debug|Any CPU
		{7F27CE14-E5E1-4141-A3CB-71725C4EF72C}.Debug .NET Native|ARM.ActiveCfg = Debug|ARM
		{7F27CE14-E5E1-4141-A3CB-71725C4EF72C}.Debug .NET Native|ARM.Build.0 = Debug|ARM
		{7F27CE14-E5E1-4141-A3CB-71725C4EF72C}.Debug .NET Native|x64.ActiveCfg = Debug|x64
		{7F27CE14-E5E1-4141-A3CB-71725C4EF72C}.Debug .NET Native|x64.Build.0 = Debug|x64
		{7F27CE14-E5E1-4141-A3CB-71725C4EF72C}.Debug .NET Native|x86.ActiveCfg = Debug|x86
		{7F27CE14-E5E1-4141-A3CB-71725C4EF72C}.Debug .NET Native|x86.Build.0 = Debug|x86
		{7F27CE14-E5E1-4141-A3CB-71725C4EF72C}.Debug|Any CPU.ActiveCfg = Debug|Any CPU
		{7F27CE14-E5E1-4141-A3CB-71725C4EF72C}.Debug|Any CPU.Build.0 = Debug|Any CPU
		{7F27CE14-E5E1-4141-A3CB-71725C4EF72C}.Debug|ARM.ActiveCfg = Debug|ARM
		{7F27CE14-E5E1-4141-A3CB-71725C4EF72C}.Debug|ARM.Build.0 = Debug|ARM
		{7F27CE14-E5E1-4141-A3CB-71725C4EF72C}.Debug|x64.ActiveCfg = Debug|x64
		{7F27CE14-E5E1-4141-A3CB-71725C4EF72C}.Debug|x64.Build.0 = Debug|x64
		{7F27CE14-E5E1-4141-A3CB-71725C4EF72C}.Debug|x86.ActiveCfg = Debug|x86
		{7F27CE14-E5E1-4141-A3CB-71725C4EF72C}.Debug|x86.Build.0 = Debug|x86
		{7F27CE14-E5E1-4141-A3CB-71725C4EF72C}.RELEASE (performance)|Any CPU.ActiveCfg = Release|Any CPU
		{7F27CE14-E5E1-4141-A3CB-71725C4EF72C}.RELEASE (performance)|Any CPU.Build.0 = Release|Any CPU
		{7F27CE14-E5E1-4141-A3CB-71725C4EF72C}.RELEASE (performance)|ARM.ActiveCfg = Release|ARM
		{7F27CE14-E5E1-4141-A3CB-71725C4EF72C}.RELEASE (performance)|ARM.Build.0 = Release|ARM
		{7F27CE14-E5E1-4141-A3CB-71725C4EF72C}.RELEASE (performance)|x64.ActiveCfg = Release|x64
		{7F27CE14-E5E1-4141-A3CB-71725C4EF72C}.RELEASE (performance)|x64.Build.0 = Release|x64
		{7F27CE14-E5E1-4141-A3CB-71725C4EF72C}.RELEASE (performance)|x86.ActiveCfg = Release|x86
		{7F27CE14-E5E1-4141-A3CB-71725C4EF72C}.RELEASE (performance)|x86.Build.0 = Release|x86
		{7F27CE14-E5E1-4141-A3CB-71725C4EF72C}.Release|Any CPU.ActiveCfg = Release|Any CPU
		{7F27CE14-E5E1-4141-A3CB-71725C4EF72C}.Release|Any CPU.Build.0 = Release|Any CPU
		{7F27CE14-E5E1-4141-A3CB-71725C4EF72C}.Release|ARM.ActiveCfg = Release|ARM
		{7F27CE14-E5E1-4141-A3CB-71725C4EF72C}.Release|ARM.Build.0 = Release|ARM
		{7F27CE14-E5E1-4141-A3CB-71725C4EF72C}.Release|x64.ActiveCfg = Release|x64
		{7F27CE14-E5E1-4141-A3CB-71725C4EF72C}.Release|x64.Build.0 = Release|x64
		{7F27CE14-E5E1-4141-A3CB-71725C4EF72C}.Release|x86.ActiveCfg = Release|x86
		{7F27CE14-E5E1-4141-A3CB-71725C4EF72C}.Release|x86.Build.0 = Release|x86
		{0DA44034-E869-429B-8F06-1372AA9F23FA}.Debug .NET Native|Any CPU.ActiveCfg = Release|x64
		{0DA44034-E869-429B-8F06-1372AA9F23FA}.Debug .NET Native|Any CPU.Build.0 = Release|x64
		{0DA44034-E869-429B-8F06-1372AA9F23FA}.Debug .NET Native|Any CPU.Deploy.0 = Release|x64
		{0DA44034-E869-429B-8F06-1372AA9F23FA}.Debug .NET Native|ARM.ActiveCfg = Debug|ARM
		{0DA44034-E869-429B-8F06-1372AA9F23FA}.Debug .NET Native|ARM.Build.0 = Debug|ARM
		{0DA44034-E869-429B-8F06-1372AA9F23FA}.Debug .NET Native|ARM.Deploy.0 = Debug|ARM
		{0DA44034-E869-429B-8F06-1372AA9F23FA}.Debug .NET Native|x64.ActiveCfg = Debug|x64
		{0DA44034-E869-429B-8F06-1372AA9F23FA}.Debug .NET Native|x64.Build.0 = Debug|x64
		{0DA44034-E869-429B-8F06-1372AA9F23FA}.Debug .NET Native|x64.Deploy.0 = Debug|x64
		{0DA44034-E869-429B-8F06-1372AA9F23FA}.Debug .NET Native|x86.ActiveCfg = Debug|x86
		{0DA44034-E869-429B-8F06-1372AA9F23FA}.Debug .NET Native|x86.Build.0 = Debug|x86
		{0DA44034-E869-429B-8F06-1372AA9F23FA}.Debug .NET Native|x86.Deploy.0 = Debug|x86
		{0DA44034-E869-429B-8F06-1372AA9F23FA}.Debug|Any CPU.ActiveCfg = Debug|x86
		{0DA44034-E869-429B-8F06-1372AA9F23FA}.Debug|ARM.ActiveCfg = Debug|ARM
		{0DA44034-E869-429B-8F06-1372AA9F23FA}.Debug|ARM.Build.0 = Debug|ARM
		{0DA44034-E869-429B-8F06-1372AA9F23FA}.Debug|ARM.Deploy.0 = Debug|ARM
		{0DA44034-E869-429B-8F06-1372AA9F23FA}.Debug|x64.ActiveCfg = Debug|x64
		{0DA44034-E869-429B-8F06-1372AA9F23FA}.Debug|x64.Build.0 = Debug|x64
		{0DA44034-E869-429B-8F06-1372AA9F23FA}.Debug|x64.Deploy.0 = Debug|x64
		{0DA44034-E869-429B-8F06-1372AA9F23FA}.Debug|x86.ActiveCfg = Debug|x86
		{0DA44034-E869-429B-8F06-1372AA9F23FA}.Debug|x86.Build.0 = Debug|x86
		{0DA44034-E869-429B-8F06-1372AA9F23FA}.Debug|x86.Deploy.0 = Debug|x86
		{0DA44034-E869-429B-8F06-1372AA9F23FA}.RELEASE (performance)|Any CPU.ActiveCfg = Release|x64
		{0DA44034-E869-429B-8F06-1372AA9F23FA}.RELEASE (performance)|Any CPU.Build.0 = Release|x64
		{0DA44034-E869-429B-8F06-1372AA9F23FA}.RELEASE (performance)|Any CPU.Deploy.0 = Release|x64
		{0DA44034-E869-429B-8F06-1372AA9F23FA}.RELEASE (performance)|ARM.ActiveCfg = Release|ARM
		{0DA44034-E869-429B-8F06-1372AA9F23FA}.RELEASE (performance)|ARM.Build.0 = Release|ARM
		{0DA44034-E869-429B-8F06-1372AA9F23FA}.RELEASE (performance)|ARM.Deploy.0 = Release|ARM
		{0DA44034-E869-429B-8F06-1372AA9F23FA}.RELEASE (performance)|x64.ActiveCfg = Release|x64
		{0DA44034-E869-429B-8F06-1372AA9F23FA}.RELEASE (performance)|x64.Build.0 = Release|x64
		{0DA44034-E869-429B-8F06-1372AA9F23FA}.RELEASE (performance)|x64.Deploy.0 = Release|x64
		{0DA44034-E869-429B-8F06-1372AA9F23FA}.RELEASE (performance)|x86.ActiveCfg = Release|x86
		{0DA44034-E869-429B-8F06-1372AA9F23FA}.RELEASE (performance)|x86.Build.0 = Release|x86
		{0DA44034-E869-429B-8F06-1372AA9F23FA}.RELEASE (performance)|x86.Deploy.0 = Release|x86
		{0DA44034-E869-429B-8F06-1372AA9F23FA}.Release|Any CPU.ActiveCfg = Release|x86
		{0DA44034-E869-429B-8F06-1372AA9F23FA}.Release|ARM.ActiveCfg = Release|ARM
		{0DA44034-E869-429B-8F06-1372AA9F23FA}.Release|ARM.Build.0 = Release|ARM
		{0DA44034-E869-429B-8F06-1372AA9F23FA}.Release|ARM.Deploy.0 = Release|ARM
		{0DA44034-E869-429B-8F06-1372AA9F23FA}.Release|x64.ActiveCfg = Release|x64
		{0DA44034-E869-429B-8F06-1372AA9F23FA}.Release|x64.Build.0 = Release|x64
		{0DA44034-E869-429B-8F06-1372AA9F23FA}.Release|x64.Deploy.0 = Release|x64
		{0DA44034-E869-429B-8F06-1372AA9F23FA}.Release|x86.ActiveCfg = Release|x86
		{0DA44034-E869-429B-8F06-1372AA9F23FA}.Release|x86.Build.0 = Release|x86
		{0DA44034-E869-429B-8F06-1372AA9F23FA}.Release|x86.Deploy.0 = Release|x86
	EndGlobalSection
	GlobalSection(SolutionProperties) = preSolution
		HideSolutionNode = FALSE
	EndGlobalSection
EndGlobal
